
Microsoft Visual Studio Solution File, Format Version 12.00
# Visual Studio Version 16
VisualStudioVersion = 16.0.31911.196
MinimumVisualStudioVersion = 10.0.40219.1
Project("{FAE04EC0-301F-11D3-BF4B-00C04F79EFBC}") = "WebApplication2", "WebApplication2.csproj", "{D7E1F455-4516-4241-8272-9D19AE1AC1A5}"
EndProject
Global
	GlobalSection(SolutionConfigurationPlatforms) = preSolution
		Debug|Any CPU = Debug|Any CPU
		Release|Any CPU = Release|Any CPU
	EndGlobalSection
	GlobalSection(ProjectConfigurationPlatforms) = postSolution
		{D7E1F455-4516-4241-8272-9D19AE1AC1A5}.Debug|Any CPU.ActiveCfg = Debug|Any CPU
		{D7E1F455-4516-4241-8272-9D19AE1AC1A5}.Debug|Any CPU.Build.0 = Debug|Any CPU
		{D7E1F455-4516-4241-8272-9D19AE1AC1A5}.Release|Any CPU.ActiveCfg = Release|Any CPU
		{D7E1F455-4516-4241-8272-9D19AE1AC1A5}.Release|Any CPU.Build.0 = Release|Any CPU
	EndGlobalSection
	GlobalSection(SolutionProperties) = preSolution
		HideSolutionNode = FALSE
	EndGlobalSection
	GlobalSection(ExtensibilityGlobals) = postSolution
		SolutionGuid = {41E42356-1621-4AE7-AE3A-AC9E17C668BC}
	EndGlobalSection
EndGlobal
